// !$*UTF8*$!
{
	archiveVersion = 1;
	classes = {
	};
	objectVersion = 48;
	objects = {

/* Begin PBXBuildFile section */
		40F77F6FDD432D79FE81FCE4 /* Pods_HachimantaiHotSpringAppSample.framework in Frameworks */ = {isa = PBXBuildFile; fileRef = 70BCFA68CBDC73D04863F00F /* Pods_HachimantaiHotSpringAppSample.framework */; };
		A4B1CE8FC668CFF365DDD8DE /* Pods_HachimantaiHotSpringAppSampleUITests.framework in Frameworks */ = {isa = PBXBuildFile; fileRef = D33FB5F84EA979766D266154 /* Pods_HachimantaiHotSpringAppSampleUITests.framework */; };
		D1B5FA1006CFDEACA5B84FA2 /* Pods_HachimantaiHotSpringAppSampleTests.framework in Frameworks */ = {isa = PBXBuildFile; fileRef = 56B07E3415E712A92B352152 /* Pods_HachimantaiHotSpringAppSampleTests.framework */; };
		D204680C203FEE8E007A6606 /* decision2.mp3 in Resources */ = {isa = PBXBuildFile; fileRef = D204680B203FEE8D007A6606 /* decision2.mp3 */; };
		D20E683D1FC1686400BA366F /* AppDelegate.swift in Sources */ = {isa = PBXBuildFile; fileRef = D20E683C1FC1686400BA366F /* AppDelegate.swift */; };
		D20E68421FC1686400BA366F /* Main.storyboard in Resources */ = {isa = PBXBuildFile; fileRef = D20E68401FC1686400BA366F /* Main.storyboard */; };
		D20E68441FC1686400BA366F /* Assets.xcassets in Resources */ = {isa = PBXBuildFile; fileRef = D20E68431FC1686400BA366F /* Assets.xcassets */; };
		D20E68471FC1686400BA366F /* LaunchScreen.storyboard in Resources */ = {isa = PBXBuildFile; fileRef = D20E68451FC1686400BA366F /* LaunchScreen.storyboard */; };
		D20E68521FC1686400BA366F /* HachimantaiHotSpringAppSampleTests.swift in Sources */ = {isa = PBXBuildFile; fileRef = D20E68511FC1686400BA366F /* HachimantaiHotSpringAppSampleTests.swift */; };
		D20E685D1FC1686400BA366F /* HachimantaiHotSpringAppSampleUITests.swift in Sources */ = {isa = PBXBuildFile; fileRef = D20E685C1FC1686400BA366F /* HachimantaiHotSpringAppSampleUITests.swift */; };
		D20E686B1FC1696000BA366F /* QRCodeViewController.swift in Sources */ = {isa = PBXBuildFile; fileRef = D20E686A1FC1696000BA366F /* QRCodeViewController.swift */; };
		D24F7BD520224F380062ADAC /* GoogleService-Info.plist in Resources */ = {isa = PBXBuildFile; fileRef = D24F7BD420224F370062ADAC /* GoogleService-Info.plist */; };
		D24F7BD620224F380062ADAC /* GoogleService-Info.plist in Resources */ = {isa = PBXBuildFile; fileRef = D24F7BD420224F370062ADAC /* GoogleService-Info.plist */; };
		D24F7BD720224F380062ADAC /* GoogleService-Info.plist in Resources */ = {isa = PBXBuildFile; fileRef = D24F7BD420224F370062ADAC /* GoogleService-Info.plist */; };
/* End PBXBuildFile section */

/* Begin PBXContainerItemProxy section */
		D20E684E1FC1686400BA366F /* PBXContainerItemProxy */ = {
			isa = PBXContainerItemProxy;
			containerPortal = D20E68311FC1686300BA366F /* Project object */;
			proxyType = 1;
			remoteGlobalIDString = D20E68381FC1686400BA366F;
			remoteInfo = HachimantaiHotSpringAppSample;
		};
		D20E68591FC1686400BA366F /* PBXContainerItemProxy */ = {
			isa = PBXContainerItemProxy;
			containerPortal = D20E68311FC1686300BA366F /* Project object */;
			proxyType = 1;
			remoteGlobalIDString = D20E68381FC1686400BA366F;
			remoteInfo = HachimantaiHotSpringAppSample;
		};
/* End PBXContainerItemProxy section */

/* Begin PBXFileReference section */
		0024C18A0B30793AA26F7484 /* Pods-HachimantaiHotSpringAppSampleTests.release.xcconfig */ = {isa = PBXFileReference; includeInIndex = 1; lastKnownFileType = text.xcconfig; name = "Pods-HachimantaiHotSpringAppSampleTests.release.xcconfig"; path = "Pods/Target Support Files/Pods-HachimantaiHotSpringAppSampleTests/Pods-HachimantaiHotSpringAppSampleTests.release.xcconfig"; sourceTree = "<group>"; };
		0130D9E3B94A9F64574B9751 /* Pods-HachimantaiHotSpringAppSample.debug.xcconfig */ = {isa = PBXFileReference; includeInIndex = 1; lastKnownFileType = text.xcconfig; name = "Pods-HachimantaiHotSpringAppSample.debug.xcconfig"; path = "Pods/Target Support Files/Pods-HachimantaiHotSpringAppSample/Pods-HachimantaiHotSpringAppSample.debug.xcconfig"; sourceTree = "<group>"; };
		56B07E3415E712A92B352152 /* Pods_HachimantaiHotSpringAppSampleTests.framework */ = {isa = PBXFileReference; explicitFileType = wrapper.framework; includeInIndex = 0; path = Pods_HachimantaiHotSpringAppSampleTests.framework; sourceTree = BUILT_PRODUCTS_DIR; };
		57ED6188838AFE987CA525C5 /* Pods-HachimantaiHotSpringAppSample.release.xcconfig */ = {isa = PBXFileReference; includeInIndex = 1; lastKnownFileType = text.xcconfig; name = "Pods-HachimantaiHotSpringAppSample.release.xcconfig"; path = "Pods/Target Support Files/Pods-HachimantaiHotSpringAppSample/Pods-HachimantaiHotSpringAppSample.release.xcconfig"; sourceTree = "<group>"; };
		70BCFA68CBDC73D04863F00F /* Pods_HachimantaiHotSpringAppSample.framework */ = {isa = PBXFileReference; explicitFileType = wrapper.framework; includeInIndex = 0; path = Pods_HachimantaiHotSpringAppSample.framework; sourceTree = BUILT_PRODUCTS_DIR; };
		99DA1F515CE83C4F5D0E0D3D /* Pods-HachimantaiHotSpringAppSampleUITests.debug.xcconfig */ = {isa = PBXFileReference; includeInIndex = 1; lastKnownFileType = text.xcconfig; name = "Pods-HachimantaiHotSpringAppSampleUITests.debug.xcconfig"; path = "Pods/Target Support Files/Pods-HachimantaiHotSpringAppSampleUITests/Pods-HachimantaiHotSpringAppSampleUITests.debug.xcconfig"; sourceTree = "<group>"; };
		9A0A995A8E9312029F2AAA56 /* Pods-HachimantaiHotSpringAppSampleUITests.release.xcconfig */ = {isa = PBXFileReference; includeInIndex = 1; lastKnownFileType = text.xcconfig; name = "Pods-HachimantaiHotSpringAppSampleUITests.release.xcconfig"; path = "Pods/Target Support Files/Pods-HachimantaiHotSpringAppSampleUITests/Pods-HachimantaiHotSpringAppSampleUITests.release.xcconfig"; sourceTree = "<group>"; };
		B46E38D8F0337302D4E41C16 /* Pods-HachimantaiHotSpringAppSampleTests.debug.xcconfig */ = {isa = PBXFileReference; includeInIndex = 1; lastKnownFileType = text.xcconfig; name = "Pods-HachimantaiHotSpringAppSampleTests.debug.xcconfig"; path = "Pods/Target Support Files/Pods-HachimantaiHotSpringAppSampleTests/Pods-HachimantaiHotSpringAppSampleTests.debug.xcconfig"; sourceTree = "<group>"; };
		D204680B203FEE8D007A6606 /* decision2.mp3 */ = {isa = PBXFileReference; lastKnownFileType = audio.mp3; path = decision2.mp3; sourceTree = "<group>"; };
		D20E68391FC1686400BA366F /* HachimantaiHotSpringAppSample.app */ = {isa = PBXFileReference; explicitFileType = wrapper.application; includeInIndex = 0; path = HachimantaiHotSpringAppSample.app; sourceTree = BUILT_PRODUCTS_DIR; };
		D20E683C1FC1686400BA366F /* AppDelegate.swift */ = {isa = PBXFileReference; lastKnownFileType = sourcecode.swift; path = AppDelegate.swift; sourceTree = "<group>"; };
		D20E68411FC1686400BA366F /* Base */ = {isa = PBXFileReference; lastKnownFileType = file.storyboard; name = Base; path = Base.lproj/Main.storyboard; sourceTree = "<group>"; };
		D20E68431FC1686400BA366F /* Assets.xcassets */ = {isa = PBXFileReference; lastKnownFileType = folder.assetcatalog; path = Assets.xcassets; sourceTree = "<group>"; };
		D20E68461FC1686400BA366F /* Base */ = {isa = PBXFileReference; lastKnownFileType = file.storyboard; name = Base; path = Base.lproj/LaunchScreen.storyboard; sourceTree = "<group>"; };
		D20E68481FC1686400BA366F /* Info.plist */ = {isa = PBXFileReference; lastKnownFileType = text.plist.xml; path = Info.plist; sourceTree = "<group>"; };
		D20E684D1FC1686400BA366F /* HachimantaiHotSpringAppSampleTests.xctest */ = {isa = PBXFileReference; explicitFileType = wrapper.cfbundle; includeInIndex = 0; path = HachimantaiHotSpringAppSampleTests.xctest; sourceTree = BUILT_PRODUCTS_DIR; };
		D20E68511FC1686400BA366F /* HachimantaiHotSpringAppSampleTests.swift */ = {isa = PBXFileReference; lastKnownFileType = sourcecode.swift; path = HachimantaiHotSpringAppSampleTests.swift; sourceTree = "<group>"; };
		D20E68531FC1686400BA366F /* Info.plist */ = {isa = PBXFileReference; lastKnownFileType = text.plist.xml; path = Info.plist; sourceTree = "<group>"; };
		D20E68581FC1686400BA366F /* HachimantaiHotSpringAppSampleUITests.xctest */ = {isa = PBXFileReference; explicitFileType = wrapper.cfbundle; includeInIndex = 0; path = HachimantaiHotSpringAppSampleUITests.xctest; sourceTree = BUILT_PRODUCTS_DIR; };
		D20E685C1FC1686400BA366F /* HachimantaiHotSpringAppSampleUITests.swift */ = {isa = PBXFileReference; lastKnownFileType = sourcecode.swift; path = HachimantaiHotSpringAppSampleUITests.swift; sourceTree = "<group>"; };
		D20E685E1FC1686400BA366F /* Info.plist */ = {isa = PBXFileReference; lastKnownFileType = text.plist.xml; path = Info.plist; sourceTree = "<group>"; };
		D20E686A1FC1696000BA366F /* QRCodeViewController.swift */ = {isa = PBXFileReference; lastKnownFileType = sourcecode.swift; path = QRCodeViewController.swift; sourceTree = "<group>"; };
		D24F7BD420224F370062ADAC /* GoogleService-Info.plist */ = {isa = PBXFileReference; fileEncoding = 4; lastKnownFileType = text.plist.xml; path = "GoogleService-Info.plist"; sourceTree = "<group>"; };
		D33FB5F84EA979766D266154 /* Pods_HachimantaiHotSpringAppSampleUITests.framework */ = {isa = PBXFileReference; explicitFileType = wrapper.framework; includeInIndex = 0; path = Pods_HachimantaiHotSpringAppSampleUITests.framework; sourceTree = BUILT_PRODUCTS_DIR; };
/* End PBXFileReference section */

/* Begin PBXFrameworksBuildPhase section */
		D20E68361FC1686400BA366F /* Frameworks */ = {
			isa = PBXFrameworksBuildPhase;
			buildActionMask = 2147483647;
			files = (
				40F77F6FDD432D79FE81FCE4 /* Pods_HachimantaiHotSpringAppSample.framework in Frameworks */,
			);
			runOnlyForDeploymentPostprocessing = 0;
		};
		D20E684A1FC1686400BA366F /* Frameworks */ = {
			isa = PBXFrameworksBuildPhase;
			buildActionMask = 2147483647;
			files = (
				D1B5FA1006CFDEACA5B84FA2 /* Pods_HachimantaiHotSpringAppSampleTests.framework in Frameworks */,
			);
			runOnlyForDeploymentPostprocessing = 0;
		};
		D20E68551FC1686400BA366F /* Frameworks */ = {
			isa = PBXFrameworksBuildPhase;
			buildActionMask = 2147483647;
			files = (
				A4B1CE8FC668CFF365DDD8DE /* Pods_HachimantaiHotSpringAppSampleUITests.framework in Frameworks */,
			);
			runOnlyForDeploymentPostprocessing = 0;
		};
/* End PBXFrameworksBuildPhase section */

/* Begin PBXGroup section */
		38D101FA31DF109E17935E1A /* Pods */ = {
			isa = PBXGroup;
			children = (
				0130D9E3B94A9F64574B9751 /* Pods-HachimantaiHotSpringAppSample.debug.xcconfig */,
				57ED6188838AFE987CA525C5 /* Pods-HachimantaiHotSpringAppSample.release.xcconfig */,
				B46E38D8F0337302D4E41C16 /* Pods-HachimantaiHotSpringAppSampleTests.debug.xcconfig */,
				0024C18A0B30793AA26F7484 /* Pods-HachimantaiHotSpringAppSampleTests.release.xcconfig */,
				99DA1F515CE83C4F5D0E0D3D /* Pods-HachimantaiHotSpringAppSampleUITests.debug.xcconfig */,
				9A0A995A8E9312029F2AAA56 /* Pods-HachimantaiHotSpringAppSampleUITests.release.xcconfig */,
			);
			name = Pods;
			sourceTree = "<group>";
		};
		6B8E4BF264F42134747DD00E /* Frameworks */ = {
			isa = PBXGroup;
			children = (
				70BCFA68CBDC73D04863F00F /* Pods_HachimantaiHotSpringAppSample.framework */,
				56B07E3415E712A92B352152 /* Pods_HachimantaiHotSpringAppSampleTests.framework */,
				D33FB5F84EA979766D266154 /* Pods_HachimantaiHotSpringAppSampleUITests.framework */,
			);
			name = Frameworks;
			sourceTree = "<group>";
		};
		D20E68301FC1686300BA366F = {
			isa = PBXGroup;
			children = (
				D20E683B1FC1686400BA366F /* HachimantaiHotSpringAppSample */,
				D20E68501FC1686400BA366F /* HachimantaiHotSpringAppSampleTests */,
				D20E685B1FC1686400BA366F /* HachimantaiHotSpringAppSampleUITests */,
				D20E683A1FC1686400BA366F /* Products */,
				38D101FA31DF109E17935E1A /* Pods */,
				6B8E4BF264F42134747DD00E /* Frameworks */,
			);
			sourceTree = "<group>";
		};
		D20E683A1FC1686400BA366F /* Products */ = {
			isa = PBXGroup;
			children = (
				D20E68391FC1686400BA366F /* HachimantaiHotSpringAppSample.app */,
				D20E684D1FC1686400BA366F /* HachimantaiHotSpringAppSampleTests.xctest */,
				D20E68581FC1686400BA366F /* HachimantaiHotSpringAppSampleUITests.xctest */,
			);
			name = Products;
			sourceTree = "<group>";
		};
		D20E683B1FC1686400BA366F /* HachimantaiHotSpringAppSample */ = {
			isa = PBXGroup;
			children = (
				D232C5241FD0F144005E0FDC /* Sound */,
				D20E683C1FC1686400BA366F /* AppDelegate.swift */,
				D20E686A1FC1696000BA366F /* QRCodeViewController.swift */,
				D20E68401FC1686400BA366F /* Main.storyboard */,
				D20E68431FC1686400BA366F /* Assets.xcassets */,
				D20E68451FC1686400BA366F /* LaunchScreen.storyboard */,
				D20E68481FC1686400BA366F /* Info.plist */,
				D24F7BD420224F370062ADAC /* GoogleService-Info.plist */,
			);
			path = HachimantaiHotSpringAppSample;
			sourceTree = "<group>";
		};
		D20E68501FC1686400BA366F /* HachimantaiHotSpringAppSampleTests */ = {
			isa = PBXGroup;
			children = (
				D20E68511FC1686400BA366F /* HachimantaiHotSpringAppSampleTests.swift */,
				D20E68531FC1686400BA366F /* Info.plist */,
			);
			path = HachimantaiHotSpringAppSampleTests;
			sourceTree = "<group>";
		};
		D20E685B1FC1686400BA366F /* HachimantaiHotSpringAppSampleUITests */ = {
			isa = PBXGroup;
			children = (
				D20E685C1FC1686400BA366F /* HachimantaiHotSpringAppSampleUITests.swift */,
				D20E685E1FC1686400BA366F /* Info.plist */,
			);
			path = HachimantaiHotSpringAppSampleUITests;
			sourceTree = "<group>";
		};
		D232C5241FD0F144005E0FDC /* Sound */ = {
			isa = PBXGroup;
			children = (
				D204680B203FEE8D007A6606 /* decision2.mp3 */,
			);
			path = Sound;
			sourceTree = "<group>";
		};
/* End PBXGroup section */

/* Begin PBXNativeTarget section */
		D20E68381FC1686400BA366F /* HachimantaiHotSpringAppSample */ = {
			isa = PBXNativeTarget;
			buildConfigurationList = D20E68611FC1686400BA366F /* Build configuration list for PBXNativeTarget "HachimantaiHotSpringAppSample" */;
			buildPhases = (
				95BF2CB31A2693F49B2344DD /* [CP] Check Pods Manifest.lock */,
				D20E68351FC1686400BA366F /* Sources */,
				D20E68361FC1686400BA366F /* Frameworks */,
				D20E68371FC1686400BA366F /* Resources */,
				7C3FD30337674436DC5D03FE /* [CP] Embed Pods Frameworks */,
				454D10AD99517BE1297C441A /* [CP] Copy Pods Resources */,
			);
			buildRules = (
			);
			dependencies = (
			);
			name = HachimantaiHotSpringAppSample;
			productName = HachimantaiHotSpringAppSample;
			productReference = D20E68391FC1686400BA366F /* HachimantaiHotSpringAppSample.app */;
			productType = "com.apple.product-type.application";
		};
		D20E684C1FC1686400BA366F /* HachimantaiHotSpringAppSampleTests */ = {
			isa = PBXNativeTarget;
			buildConfigurationList = D20E68641FC1686400BA366F /* Build configuration list for PBXNativeTarget "HachimantaiHotSpringAppSampleTests" */;
			buildPhases = (
				24FF9EC8D0805FEB4588A815 /* [CP] Check Pods Manifest.lock */,
				D20E68491FC1686400BA366F /* Sources */,
				D20E684A1FC1686400BA366F /* Frameworks */,
				D20E684B1FC1686400BA366F /* Resources */,
				11EF0E529477007DBCD7C761 /* [CP] Embed Pods Frameworks */,
				034B548AA65F34640624ACFA /* [CP] Copy Pods Resources */,
			);
			buildRules = (
			);
			dependencies = (
				D20E684F1FC1686400BA366F /* PBXTargetDependency */,
			);
			name = HachimantaiHotSpringAppSampleTests;
			productName = HachimantaiHotSpringAppSampleTests;
			productReference = D20E684D1FC1686400BA366F /* HachimantaiHotSpringAppSampleTests.xctest */;
			productType = "com.apple.product-type.bundle.unit-test";
		};
		D20E68571FC1686400BA366F /* HachimantaiHotSpringAppSampleUITests */ = {
			isa = PBXNativeTarget;
			buildConfigurationList = D20E68671FC1686400BA366F /* Build configuration list for PBXNativeTarget "HachimantaiHotSpringAppSampleUITests" */;
			buildPhases = (
				1498210E474B0175A73D87F9 /* [CP] Check Pods Manifest.lock */,
				D20E68541FC1686400BA366F /* Sources */,
				D20E68551FC1686400BA366F /* Frameworks */,
				D20E68561FC1686400BA366F /* Resources */,
				9AF727A031C8566AAFDAFAD2 /* [CP] Embed Pods Frameworks */,
				E47280C2C5F06CB0F3B9E73E /* [CP] Copy Pods Resources */,
			);
			buildRules = (
			);
			dependencies = (
				D20E685A1FC1686400BA366F /* PBXTargetDependency */,
			);
			name = HachimantaiHotSpringAppSampleUITests;
			productName = HachimantaiHotSpringAppSampleUITests;
			productReference = D20E68581FC1686400BA366F /* HachimantaiHotSpringAppSampleUITests.xctest */;
			productType = "com.apple.product-type.bundle.ui-testing";
		};
/* End PBXNativeTarget section */

/* Begin PBXProject section */
		D20E68311FC1686300BA366F /* Project object */ = {
			isa = PBXProject;
			attributes = {
				LastSwiftUpdateCheck = 0910;
				LastUpgradeCheck = 0910;
				ORGANIZATIONNAME = "高橋知憲";
				TargetAttributes = {
					D20E68381FC1686400BA366F = {
						CreatedOnToolsVersion = 9.1;
						ProvisioningStyle = Automatic;
					};
					D20E684C1FC1686400BA366F = {
						CreatedOnToolsVersion = 9.1;
						ProvisioningStyle = Automatic;
						TestTargetID = D20E68381FC1686400BA366F;
					};
					D20E68571FC1686400BA366F = {
						CreatedOnToolsVersion = 9.1;
						ProvisioningStyle = Automatic;
						TestTargetID = D20E68381FC1686400BA366F;
					};
				};
			};
			buildConfigurationList = D20E68341FC1686300BA366F /* Build configuration list for PBXProject "HachimantaiHotSpringAppSample" */;
			compatibilityVersion = "Xcode 8.0";
			developmentRegion = en;
			hasScannedForEncodings = 0;
			knownRegions = (
				en,
				Base,
			);
			mainGroup = D20E68301FC1686300BA366F;
			productRefGroup = D20E683A1FC1686400BA366F /* Products */;
			projectDirPath = "";
			projectRoot = "";
			targets = (
				D20E68381FC1686400BA366F /* HachimantaiHotSpringAppSample */,
				D20E684C1FC1686400BA366F /* HachimantaiHotSpringAppSampleTests */,
				D20E68571FC1686400BA366F /* HachimantaiHotSpringAppSampleUITests */,
			);
		};
/* End PBXProject section */

/* Begin PBXResourcesBuildPhase section */
		D20E68371FC1686400BA366F /* Resources */ = {
			isa = PBXResourcesBuildPhase;
			buildActionMask = 2147483647;
			files = (
				D24F7BD520224F380062ADAC /* GoogleService-Info.plist in Resources */,
				D204680C203FEE8E007A6606 /* decision2.mp3 in Resources */,
				D20E68471FC1686400BA366F /* LaunchScreen.storyboard in Resources */,
				D20E68441FC1686400BA366F /* Assets.xcassets in Resources */,
				D20E68421FC1686400BA366F /* Main.storyboard in Resources */,
			);
			runOnlyForDeploymentPostprocessing = 0;
		};
		D20E684B1FC1686400BA366F /* Resources */ = {
			isa = PBXResourcesBuildPhase;
			buildActionMask = 2147483647;
			files = (
				D24F7BD620224F380062ADAC /* GoogleService-Info.plist in Resources */,
			);
			runOnlyForDeploymentPostprocessing = 0;
		};
		D20E68561FC1686400BA366F /* Resources */ = {
			isa = PBXResourcesBuildPhase;
			buildActionMask = 2147483647;
			files = (
				D24F7BD720224F380062ADAC /* GoogleService-Info.plist in Resources */,
			);
			runOnlyForDeploymentPostprocessing = 0;
		};
/* End PBXResourcesBuildPhase section */

/* Begin PBXShellScriptBuildPhase section */
		034B548AA65F34640624ACFA /* [CP] Copy Pods Resources */ = {
			isa = PBXShellScriptBuildPhase;
			buildActionMask = 2147483647;
			files = (
			);
			inputPaths = (
			);
			name = "[CP] Copy Pods Resources";
			outputPaths = (
			);
			runOnlyForDeploymentPostprocessing = 0;
			shellPath = /bin/sh;
			shellScript = "\"${SRCROOT}/Pods/Target Support Files/Pods-HachimantaiHotSpringAppSampleTests/Pods-HachimantaiHotSpringAppSampleTests-resources.sh\"\n";
			showEnvVarsInLog = 0;
		};
		11EF0E529477007DBCD7C761 /* [CP] Embed Pods Frameworks */ = {
			isa = PBXShellScriptBuildPhase;
			buildActionMask = 2147483647;
			files = (
			);
			inputPaths = (
			);
			name = "[CP] Embed Pods Frameworks";
			outputPaths = (
			);
			runOnlyForDeploymentPostprocessing = 0;
			shellPath = /bin/sh;
			shellScript = "\"${SRCROOT}/Pods/Target Support Files/Pods-HachimantaiHotSpringAppSampleTests/Pods-HachimantaiHotSpringAppSampleTests-frameworks.sh\"\n";
			showEnvVarsInLog = 0;
		};
		1498210E474B0175A73D87F9 /* [CP] Check Pods Manifest.lock */ = {
			isa = PBXShellScriptBuildPhase;
			buildActionMask = 2147483647;
			files = (
			);
			inputPaths = (
				"${PODS_PODFILE_DIR_PATH}/Podfile.lock",
				"${PODS_ROOT}/Manifest.lock",
			);
			name = "[CP] Check Pods Manifest.lock";
			outputPaths = (
				"$(DERIVED_FILE_DIR)/Pods-HachimantaiHotSpringAppSampleUITests-checkManifestLockResult.txt",
			);
			runOnlyForDeploymentPostprocessing = 0;
			shellPath = /bin/sh;
			shellScript = "diff \"${PODS_PODFILE_DIR_PATH}/Podfile.lock\" \"${PODS_ROOT}/Manifest.lock\" > /dev/null\nif [ $? != 0 ] ; then\n    # print error to STDERR\n    echo \"error: The sandbox is not in sync with the Podfile.lock. Run 'pod install' or update your CocoaPods installation.\" >&2\n    exit 1\nfi\n# This output is used by Xcode 'outputs' to avoid re-running this script phase.\necho \"SUCCESS\" > \"${SCRIPT_OUTPUT_FILE_0}\"\n";
			showEnvVarsInLog = 0;
		};
		24FF9EC8D0805FEB4588A815 /* [CP] Check Pods Manifest.lock */ = {
			isa = PBXShellScriptBuildPhase;
			buildActionMask = 2147483647;
			files = (
			);
			inputPaths = (
				"${PODS_PODFILE_DIR_PATH}/Podfile.lock",
				"${PODS_ROOT}/Manifest.lock",
			);
			name = "[CP] Check Pods Manifest.lock";
			outputPaths = (
				"$(DERIVED_FILE_DIR)/Pods-HachimantaiHotSpringAppSampleTests-checkManifestLockResult.txt",
			);
			runOnlyForDeploymentPostprocessing = 0;
			shellPath = /bin/sh;
			shellScript = "diff \"${PODS_PODFILE_DIR_PATH}/Podfile.lock\" \"${PODS_ROOT}/Manifest.lock\" > /dev/null\nif [ $? != 0 ] ; then\n    # print error to STDERR\n    echo \"error: The sandbox is not in sync with the Podfile.lock. Run 'pod install' or update your CocoaPods installation.\" >&2\n    exit 1\nfi\n# This output is used by Xcode 'outputs' to avoid re-running this script phase.\necho \"SUCCESS\" > \"${SCRIPT_OUTPUT_FILE_0}\"\n";
			showEnvVarsInLog = 0;
		};
		454D10AD99517BE1297C441A /* [CP] Copy Pods Resources */ = {
			isa = PBXShellScriptBuildPhase;
			buildActionMask = 2147483647;
			files = (
			);
			inputPaths = (
			);
			name = "[CP] Copy Pods Resources";
			outputPaths = (
			);
			runOnlyForDeploymentPostprocessing = 0;
			shellPath = /bin/sh;
			shellScript = "\"${SRCROOT}/Pods/Target Support Files/Pods-HachimantaiHotSpringAppSample/Pods-HachimantaiHotSpringAppSample-resources.sh\"\n";
			showEnvVarsInLog = 0;
		};
		7C3FD30337674436DC5D03FE /* [CP] Embed Pods Frameworks */ = {
			isa = PBXShellScriptBuildPhase;
			buildActionMask = 2147483647;
			files = (
			);
			inputPaths = (
				"${SRCROOT}/Pods/Target Support Files/Pods-HachimantaiHotSpringAppSample/Pods-HachimantaiHotSpringAppSample-frameworks.sh",
				"${BUILT_PRODUCTS_DIR}/GoogleToolboxForMac/GoogleToolboxForMac.framework",
				"${BUILT_PRODUCTS_DIR}/leveldb-library/leveldb.framework",
				"${BUILT_PRODUCTS_DIR}/nanopb/nanopb.framework",
			);
			name = "[CP] Embed Pods Frameworks";
			outputPaths = (
				"${TARGET_BUILD_DIR}/${FRAMEWORKS_FOLDER_PATH}/GoogleToolboxForMac.framework",
				"${TARGET_BUILD_DIR}/${FRAMEWORKS_FOLDER_PATH}/leveldb.framework",
				"${TARGET_BUILD_DIR}/${FRAMEWORKS_FOLDER_PATH}/nanopb.framework",
			);
			runOnlyForDeploymentPostprocessing = 0;
			shellPath = /bin/sh;
			shellScript = "\"${SRCROOT}/Pods/Target Support Files/Pods-HachimantaiHotSpringAppSample/Pods-HachimantaiHotSpringAppSample-frameworks.sh\"\n";
			showEnvVarsInLog = 0;
		};
		95BF2CB31A2693F49B2344DD /* [CP] Check Pods Manifest.lock */ = {
			isa = PBXShellScriptBuildPhase;
			buildActionMask = 2147483647;
			files = (
			);
			inputPaths = (
				"${PODS_PODFILE_DIR_PATH}/Podfile.lock",
				"${PODS_ROOT}/Manifest.lock",
			);
			name = "[CP] Check Pods Manifest.lock";
			outputPaths = (
				"$(DERIVED_FILE_DIR)/Pods-HachimantaiHotSpringAppSample-checkManifestLockResult.txt",
			);
			runOnlyForDeploymentPostprocessing = 0;
			shellPath = /bin/sh;
			shellScript = "diff \"${PODS_PODFILE_DIR_PATH}/Podfile.lock\" \"${PODS_ROOT}/Manifest.lock\" > /dev/null\nif [ $? != 0 ] ; then\n    # print error to STDERR\n    echo \"error: The sandbox is not in sync with the Podfile.lock. Run 'pod install' or update your CocoaPods installation.\" >&2\n    exit 1\nfi\n# This output is used by Xcode 'outputs' to avoid re-running this script phase.\necho \"SUCCESS\" > \"${SCRIPT_OUTPUT_FILE_0}\"\n";
			showEnvVarsInLog = 0;
		};
		9AF727A031C8566AAFDAFAD2 /* [CP] Embed Pods Frameworks */ = {
			isa = PBXShellScriptBuildPhase;
			buildActionMask = 2147483647;
			files = (
			);
			inputPaths = (
			);
			name = "[CP] Embed Pods Frameworks";
			outputPaths = (
			);
			runOnlyForDeploymentPostprocessing = 0;
			shellPath = /bin/sh;
			shellScript = "\"${SRCROOT}/Pods/Target Support Files/Pods-HachimantaiHotSpringAppSampleUITests/Pods-HachimantaiHotSpringAppSampleUITests-frameworks.sh\"\n";
			showEnvVarsInLog = 0;
		};
		E47280C2C5F06CB0F3B9E73E /* [CP] Copy Pods Resources */ = {
			isa = PBXShellScriptBuildPhase;
			buildActionMask = 2147483647;
			files = (
			);
			inputPaths = (
			);
			name = "[CP] Copy Pods Resources";
			outputPaths = (
			);
			runOnlyForDeploymentPostprocessing = 0;
			shellPath = /bin/sh;
			shellScript = "\"${SRCROOT}/Pods/Target Support Files/Pods-HachimantaiHotSpringAppSampleUITests/Pods-HachimantaiHotSpringAppSampleUITests-resources.sh\"\n";
			showEnvVarsInLog = 0;
		};
/* End PBXShellScriptBuildPhase section */

/* Begin PBXSourcesBuildPhase section */
		D20E68351FC1686400BA366F /* Sources */ = {
			isa = PBXSourcesBuildPhase;
			buildActionMask = 2147483647;
			files = (
				D20E686B1FC1696000BA366F /* QRCodeViewController.swift in Sources */,
				D20E683D1FC1686400BA366F /* AppDelegate.swift in Sources */,
			);
			runOnlyForDeploymentPostprocessing = 0;
		};
		D20E68491FC1686400BA366F /* Sources */ = {
			isa = PBXSourcesBuildPhase;
			buildActionMask = 2147483647;
			files = (
				D20E68521FC1686400BA366F /* HachimantaiHotSpringAppSampleTests.swift in Sources */,
			);
			runOnlyForDeploymentPostprocessing = 0;
		};
		D20E68541FC1686400BA366F /* Sources */ = {
			isa = PBXSourcesBuildPhase;
			buildActionMask = 2147483647;
			files = (
				D20E685D1FC1686400BA366F /* HachimantaiHotSpringAppSampleUITests.swift in Sources */,
			);
			runOnlyForDeploymentPostprocessing = 0;
		};
/* End PBXSourcesBuildPhase section */

/* Begin PBXTargetDependency section */
		D20E684F1FC1686400BA366F /* PBXTargetDependency */ = {
			isa = PBXTargetDependency;
			target = D20E68381FC1686400BA366F /* HachimantaiHotSpringAppSample */;
			targetProxy = D20E684E1FC1686400BA366F /* PBXContainerItemProxy */;
		};
		D20E685A1FC1686400BA366F /* PBXTargetDependency */ = {
			isa = PBXTargetDependency;
			target = D20E68381FC1686400BA366F /* HachimantaiHotSpringAppSample */;
			targetProxy = D20E68591FC1686400BA366F /* PBXContainerItemProxy */;
		};
/* End PBXTargetDependency section */

/* Begin PBXVariantGroup section */
		D20E68401FC1686400BA366F /* Main.storyboard */ = {
			isa = PBXVariantGroup;
			children = (
				D20E68411FC1686400BA366F /* Base */,
			);
			name = Main.storyboard;
			sourceTree = "<group>";
		};
		D20E68451FC1686400BA366F /* LaunchScreen.storyboard */ = {
			isa = PBXVariantGroup;
			children = (
				D20E68461FC1686400BA366F /* Base */,
			);
			name = LaunchScreen.storyboard;
			sourceTree = "<group>";
		};
/* End PBXVariantGroup section */

/* Begin XCBuildConfiguration section */
		D20E685F1FC1686400BA366F /* Debug */ = {
			isa = XCBuildConfiguration;
			buildSettings = {
				ALWAYS_SEARCH_USER_PATHS = NO;
				CLANG_ANALYZER_NONNULL = YES;
				CLANG_ANALYZER_NUMBER_OBJECT_CONVERSION = YES_AGGRESSIVE;
				CLANG_CXX_LANGUAGE_STANDARD = "gnu++14";
				CLANG_CXX_LIBRARY = "libc++";
				CLANG_ENABLE_MODULES = YES;
				CLANG_ENABLE_OBJC_ARC = YES;
				CLANG_WARN_BLOCK_CAPTURE_AUTORELEASING = YES;
				CLANG_WARN_BOOL_CONVERSION = YES;
				CLANG_WARN_COMMA = YES;
				CLANG_WARN_CONSTANT_CONVERSION = YES;
				CLANG_WARN_DIRECT_OBJC_ISA_USAGE = YES_ERROR;
				CLANG_WARN_DOCUMENTATION_COMMENTS = YES;
				CLANG_WARN_EMPTY_BODY = YES;
				CLANG_WARN_ENUM_CONVERSION = YES;
				CLANG_WARN_INFINITE_RECURSION = YES;
				CLANG_WARN_INT_CONVERSION = YES;
				CLANG_WARN_NON_LITERAL_NULL_CONVERSION = YES;
				CLANG_WARN_OBJC_LITERAL_CONVERSION = YES;
				CLANG_WARN_OBJC_ROOT_CLASS = YES_ERROR;
				CLANG_WARN_RANGE_LOOP_ANALYSIS = YES;
				CLANG_WARN_STRICT_PROTOTYPES = YES;
				CLANG_WARN_SUSPICIOUS_MOVE = YES;
				CLANG_WARN_UNGUARDED_AVAILABILITY = YES_AGGRESSIVE;
				CLANG_WARN_UNREACHABLE_CODE = YES;
				CLANG_WARN__DUPLICATE_METHOD_MATCH = YES;
				CODE_SIGN_IDENTITY = "iPhone Developer";
				COPY_PHASE_STRIP = NO;
				DEBUG_INFORMATION_FORMAT = dwarf;
				ENABLE_STRICT_OBJC_MSGSEND = YES;
				ENABLE_TESTABILITY = YES;
				GCC_C_LANGUAGE_STANDARD = gnu11;
				GCC_DYNAMIC_NO_PIC = NO;
				GCC_NO_COMMON_BLOCKS = YES;
				GCC_OPTIMIZATION_LEVEL = 0;
				GCC_PREPROCESSOR_DEFINITIONS = (
					"DEBUG=1",
					"$(inherited)",
				);
				GCC_WARN_64_TO_32_BIT_CONVERSION = YES;
				GCC_WARN_ABOUT_RETURN_TYPE = YES_ERROR;
				GCC_WARN_UNDECLARED_SELECTOR = YES;
				GCC_WARN_UNINITIALIZED_AUTOS = YES_AGGRESSIVE;
				GCC_WARN_UNUSED_FUNCTION = YES;
				GCC_WARN_UNUSED_VARIABLE = YES;
				IPHONEOS_DEPLOYMENT_TARGET = 11.1;
				MTL_ENABLE_DEBUG_INFO = YES;
				ONLY_ACTIVE_ARCH = YES;
				SDKROOT = iphoneos;
				SWIFT_ACTIVE_COMPILATION_CONDITIONS = DEBUG;
				SWIFT_OPTIMIZATION_LEVEL = "-Onone";
			};
			name = Debug;
		};
		D20E68601FC1686400BA366F /* Release */ = {
			isa = XCBuildConfiguration;
			buildSettings = {
				ALWAYS_SEARCH_USER_PATHS = NO;
				CLANG_ANALYZER_NONNULL = YES;
				CLANG_ANALYZER_NUMBER_OBJECT_CONVERSION = YES_AGGRESSIVE;
				CLANG_CXX_LANGUAGE_STANDARD = "gnu++14";
				CLANG_CXX_LIBRARY = "libc++";
				CLANG_ENABLE_MODULES = YES;
				CLANG_ENABLE_OBJC_ARC = YES;
				CLANG_WARN_BLOCK_CAPTURE_AUTORELEASING = YES;
				CLANG_WARN_BOOL_CONVERSION = YES;
				CLANG_WARN_COMMA = YES;
				CLANG_WARN_CONSTANT_CONVERSION = YES;
				CLANG_WARN_DIRECT_OBJC_ISA_USAGE = YES_ERROR;
				CLANG_WARN_DOCUMENTATION_COMMENTS = YES;
				CLANG_WARN_EMPTY_BODY = YES;
				CLANG_WARN_ENUM_CONVERSION = YES;
				CLANG_WARN_INFINITE_RECURSION = YES;
				CLANG_WARN_INT_CONVERSION = YES;
				CLANG_WARN_NON_LITERAL_NULL_CONVERSION = YES;
				CLANG_WARN_OBJC_LITERAL_CONVERSION = YES;
				CLANG_WARN_OBJC_ROOT_CLASS = YES_ERROR;
				CLANG_WARN_RANGE_LOOP_ANALYSIS = YES;
				CLANG_WARN_STRICT_PROTOTYPES = YES;
				CLANG_WARN_SUSPICIOUS_MOVE = YES;
				CLANG_WARN_UNGUARDED_AVAILABILITY = YES_AGGRESSIVE;
				CLANG_WARN_UNREACHABLE_CODE = YES;
				CLANG_WARN__DUPLICATE_METHOD_MATCH = YES;
				CODE_SIGN_IDENTITY = "iPhone Developer";
				COPY_PHASE_STRIP = NO;
				DEBUG_INFORMATION_FORMAT = "dwarf-with-dsym";
				ENABLE_NS_ASSERTIONS = NO;
				ENABLE_STRICT_OBJC_MSGSEND = YES;
				GCC_C_LANGUAGE_STANDARD = gnu11;
				GCC_NO_COMMON_BLOCKS = YES;
				GCC_WARN_64_TO_32_BIT_CONVERSION = YES;
				GCC_WARN_ABOUT_RETURN_TYPE = YES_ERROR;
				GCC_WARN_UNDECLARED_SELECTOR = YES;
				GCC_WARN_UNINITIALIZED_AUTOS = YES_AGGRESSIVE;
				GCC_WARN_UNUSED_FUNCTION = YES;
				GCC_WARN_UNUSED_VARIABLE = YES;
				IPHONEOS_DEPLOYMENT_TARGET = 11.1;
				MTL_ENABLE_DEBUG_INFO = NO;
				SDKROOT = iphoneos;
				SWIFT_OPTIMIZATION_LEVEL = "-Owholemodule";
				VALIDATE_PRODUCT = YES;
			};
			name = Release;
		};
		D20E68621FC1686400BA366F /* Debug */ = {
			isa = XCBuildConfiguration;
			baseConfigurationReference = 0130D9E3B94A9F64574B9751 /* Pods-HachimantaiHotSpringAppSample.debug.xcconfig */;
			buildSettings = {
				ASSETCATALOG_COMPILER_APPICON_NAME = AppIcon;
				CODE_SIGN_STYLE = Automatic;
				DEVELOPMENT_TEAM = 9JWW8S5LM7;
				INFOPLIST_FILE = HachimantaiHotSpringAppSample/Info.plist;
				IPHONEOS_DEPLOYMENT_TARGET = 10.3;
				LD_RUNPATH_SEARCH_PATHS = "$(inherited) @executable_path/Frameworks";
				PRODUCT_BUNDLE_IDENTIFIER = com.takahashi.HachimantaiHotSpringAppSample;
				PRODUCT_NAME = "$(TARGET_NAME)";
				SWIFT_VERSION = 4.0;
				TARGETED_DEVICE_FAMILY = "1,2";
			};
			name = Debug;
		};
		D20E68631FC1686400BA366F /* Release */ = {
			isa = XCBuildConfiguration;
			baseConfigurationReference = 57ED6188838AFE987CA525C5 /* Pods-HachimantaiHotSpringAppSample.release.xcconfig */;
			buildSettings = {
				ASSETCATALOG_COMPILER_APPICON_NAME = AppIcon;
				CODE_SIGN_STYLE = Automatic;
				DEVELOPMENT_TEAM = 9JWW8S5LM7;
				INFOPLIST_FILE = HachimantaiHotSpringAppSample/Info.plist;
				IPHONEOS_DEPLOYMENT_TARGET = 10.3;
				LD_RUNPATH_SEARCH_PATHS = "$(inherited) @executable_path/Frameworks";
				PRODUCT_BUNDLE_IDENTIFIER = com.takahashi.HachimantaiHotSpringAppSample;
				PRODUCT_NAME = "$(TARGET_NAME)";
				SWIFT_VERSION = 4.0;
				TARGETED_DEVICE_FAMILY = "1,2";
			};
			name = Release;
		};
		D20E68651FC1686400BA366F /* Debug */ = {
			isa = XCBuildConfiguration;
			baseConfigurationReference = B46E38D8F0337302D4E41C16 /* Pods-HachimantaiHotSpringAppSampleTests.debug.xcconfig */;
			buildSettings = {
				ALWAYS_EMBED_SWIFT_STANDARD_LIBRARIES = YES;
				BUNDLE_LOADER = "$(TEST_HOST)";
				CODE_SIGN_STYLE = Automatic;
				DEVELOPMENT_TEAM = 9JWW8S5LM7;
				INFOPLIST_FILE = HachimantaiHotSpringAppSampleTests/Info.plist;
				LD_RUNPATH_SEARCH_PATHS = "$(inherited) @executable_path/Frameworks @loader_path/Frameworks";
				PRODUCT_BUNDLE_IDENTIFIER = com.takahashi.HachimantaiHotSpringAppSampleTests;
				PRODUCT_NAME = "$(TARGET_NAME)";
				SWIFT_VERSION = 4.0;
				TARGETED_DEVICE_FAMILY = "1,2";
				TEST_HOST = "$(BUILT_PRODUCTS_DIR)/HachimantaiHotSpringAppSample.app/HachimantaiHotSpringAppSample";
			};
			name = Debug;
		};
		D20E68661FC1686400BA366F /* Release */ = {
			isa = XCBuildConfiguration;
			baseConfigurationReference = 0024C18A0B30793AA26F7484 /* Pods-HachimantaiHotSpringAppSampleTests.release.xcconfig */;
			buildSettings = {
				ALWAYS_EMBED_SWIFT_STANDARD_LIBRARIES = YES;
				BUNDLE_LOADER = "$(TEST_HOST)";
				CODE_SIGN_STYLE = Automatic;
				DEVELOPMENT_TEAM = 9JWW8S5LM7;
				INFOPLIST_FILE = HachimantaiHotSpringAppSampleTests/Info.plist;
				LD_RUNPATH_SEARCH_PATHS = "$(inherited) @executable_path/Frameworks @loader_path/Frameworks";
				PRODUCT_BUNDLE_IDENTIFIER = com.takahashi.HachimantaiHotSpringAppSampleTests;
				PRODUCT_NAME = "$(TARGET_NAME)";
				SWIFT_VERSION = 4.0;
				TARGETED_DEVICE_FAMILY = "1,2";
				TEST_HOST = "$(BUILT_PRODUCTS_DIR)/HachimantaiHotSpringAppSample.app/HachimantaiHotSpringAppSample";
			};
			name = Release;
		};
		D20E68681FC1686400BA366F /* Debug */ = {
			isa = XCBuildConfiguration;
			baseConfigurationReference = 99DA1F515CE83C4F5D0E0D3D /* Pods-HachimantaiHotSpringAppSampleUITests.debug.xcconfig */;
			buildSettings = {
				ALWAYS_EMBED_SWIFT_STANDARD_LIBRARIES = YES;
				CODE_SIGN_STYLE = Automatic;
				DEVELOPMENT_TEAM = 9JWW8S5LM7;
				INFOPLIST_FILE = HachimantaiHotSpringAppSampleUITests/Info.plist;
				LD_RUNPATH_SEARCH_PATHS = "$(inherited) @executable_path/Frameworks @loader_path/Frameworks";
				PRODUCT_BUNDLE_IDENTIFIER = com.takahashi.HachimantaiHotSpringAppSampleUITests;
				PRODUCT_NAME = "$(TARGET_NAME)";
				SWIFT_VERSION = 4.0;
				TARGETED_DEVICE_FAMILY = "1,2";
				TEST_TARGET_NAME = HachimantaiHotSpringAppSample;
			};
			name = Debug;
		};
		D20E68691FC1686400BA366F /* Release */ = {
			isa = XCBuildConfiguration;
			baseConfigurationReference = 9A0A995A8E9312029F2AAA56 /* Pods-HachimantaiHotSpringAppSampleUITests.release.xcconfig */;
			buildSettings = {
				ALWAYS_EMBED_SWIFT_STANDARD_LIBRARIES = YES;
				CODE_SIGN_STYLE = Automatic;
				DEVELOPMENT_TEAM = 9JWW8S5LM7;
				INFOPLIST_FILE = HachimantaiHotSpringAppSampleUITests/Info.plist;
				LD_RUNPATH_SEARCH_PATHS = "$(inherited) @executable_path/Frameworks @loader_path/Frameworks";
				PRODUCT_BUNDLE_IDENTIFIER = com.takahashi.HachimantaiHotSpringAppSampleUITests;
				PRODUCT_NAME = "$(TARGET_NAME)";
				SWIFT_VERSION = 4.0;
				TARGETED_DEVICE_FAMILY = "1,2";
				TEST_TARGET_NAME = HachimantaiHotSpringAppSample;
			};
			name = Release;
		};
/* End XCBuildConfiguration section */

/* Begin XCConfigurationList section */
		D20E68341FC1686300BA366F /* Build configuration list for PBXProject "HachimantaiHotSpringAppSample" */ = {
			isa = XCConfigurationList;
			buildConfigurations = (
				D20E685F1FC1686400BA366F /* Debug */,
				D20E68601FC1686400BA366F /* Release */,
			);
			defaultConfigurationIsVisible = 0;
			defaultConfigurationName = Release;
		};
		D20E68611FC1686400BA366F /* Build configuration list for PBXNativeTarget "HachimantaiHotSpringAppSample" */ = {
			isa = XCConfigurationList;
			buildConfigurations = (
				D20E68621FC1686400BA366F /* Debug */,
				D20E68631FC1686400BA366F /* Release */,
			);
			defaultConfigurationIsVisible = 0;
			defaultConfigurationName = Release;
		};
		D20E68641FC1686400BA366F /* Build configuration list for PBXNativeTarget "HachimantaiHotSpringAppSampleTests" */ = {
			isa = XCConfigurationList;
			buildConfigurations = (
				D20E68651FC1686400BA366F /* Debug */,
				D20E68661FC1686400BA366F /* Release */,
			);
			defaultConfigurationIsVisible = 0;
			defaultConfigurationName = Release;
		};
		D20E68671FC1686400BA366F /* Build configuration list for PBXNativeTarget "HachimantaiHotSpringAppSampleUITests" */ = {
			isa = XCConfigurationList;
			buildConfigurations = (
				D20E68681FC1686400BA366F /* Debug */,
				D20E68691FC1686400BA366F /* Release */,
			);
			defaultConfigurationIsVisible = 0;
			defaultConfigurationName = Release;
		};
/* End XCConfigurationList section */
	};
	rootObject = D20E68311FC1686300BA366F /* Project object */;
}
